// !$*UTF8*$!
{
	archiveVersion = 1;
	classes = {
	};
	objectVersion = 46;
	objects = {

/* Begin PBXBuildFile section */
		A21953251819CCB60021EF1E /* background2.png in Resources */ = {isa = PBXBuildFile; fileRef = A21953241819CCB60021EF1E /* background2.png */; };
		A21953271819D5870021EF1E /* background3.png in Resources */ = {isa = PBXBuildFile; fileRef = A21953261819D5870021EF1E /* background3.png */; };
		A219532A181A796D0021EF1E /* ClubGeneralViewController.m in Sources */ = {isa = PBXBuildFile; fileRef = A2195329181A796D0021EF1E /* ClubGeneralViewController.m */; };
		A245B70318183D7700FE6DE0 /* ClubCell.m in Sources */ = {isa = PBXBuildFile; fileRef = A245B70218183D7700FE6DE0 /* ClubCell.m */; };
		A24C812A181A983900D61760 /* ClubCurrentViewController.m in Sources */ = {isa = PBXBuildFile; fileRef = A24C8129181A983900D61760 /* ClubCurrentViewController.m */; };
		A266E932181C163700AAE238 /* SortByTableViewController.m in Sources */ = {isa = PBXBuildFile; fileRef = A266E931181C163700AAE238 /* SortByTableViewController.m */; };
		A28032A918183426004AB5C9 /* Foundation.framework in Frameworks */ = {isa = PBXBuildFile; fileRef = A28032A818183426004AB5C9 /* Foundation.framework */; };
		A28032AB18183426004AB5C9 /* CoreGraphics.framework in Frameworks */ = {isa = PBXBuildFile; fileRef = A28032AA18183426004AB5C9 /* CoreGraphics.framework */; };
		A28032AD18183426004AB5C9 /* UIKit.framework in Frameworks */ = {isa = PBXBuildFile; fileRef = A28032AC18183426004AB5C9 /* UIKit.framework */; };
		A28032B318183426004AB5C9 /* InfoPlist.strings in Resources */ = {isa = PBXBuildFile; fileRef = A28032B118183426004AB5C9 /* InfoPlist.strings */; };
		A28032B518183426004AB5C9 /* main.m in Sources */ = {isa = PBXBuildFile; fileRef = A28032B418183426004AB5C9 /* main.m */; };
		A28032B918183426004AB5C9 /* AppDelegate.m in Sources */ = {isa = PBXBuildFile; fileRef = A28032B818183426004AB5C9 /* AppDelegate.m */; };
		A28032BC18183426004AB5C9 /* Main_iPhone.storyboard in Resources */ = {isa = PBXBuildFile; fileRef = A28032BA18183426004AB5C9 /* Main_iPhone.storyboard */; };
		A28032BF18183426004AB5C9 /* Main_iPad.storyboard in Resources */ = {isa = PBXBuildFile; fileRef = A28032BD18183426004AB5C9 /* Main_iPad.storyboard */; };
		A28032C218183426004AB5C9 /* ViewController.m in Sources */ = {isa = PBXBuildFile; fileRef = A28032C118183426004AB5C9 /* ViewController.m */; };
		A28032C418183426004AB5C9 /* Images.xcassets in Resources */ = {isa = PBXBuildFile; fileRef = A28032C318183426004AB5C9 /* Images.xcassets */; };
		A28032CB18183426004AB5C9 /* XCTest.framework in Frameworks */ = {isa = PBXBuildFile; fileRef = A28032CA18183426004AB5C9 /* XCTest.framework */; };
		A28032CC18183426004AB5C9 /* Foundation.framework in Frameworks */ = {isa = PBXBuildFile; fileRef = A28032A818183426004AB5C9 /* Foundation.framework */; };
		A28032CD18183426004AB5C9 /* UIKit.framework in Frameworks */ = {isa = PBXBuildFile; fileRef = A28032AC18183426004AB5C9 /* UIKit.framework */; };
		A28032D518183426004AB5C9 /* InfoPlist.strings in Resources */ = {isa = PBXBuildFile; fileRef = A28032D318183426004AB5C9 /* InfoPlist.strings */; };
		A28032D718183426004AB5C9 /* KiezzerTests.m in Sources */ = {isa = PBXBuildFile; fileRef = A28032D618183426004AB5C9 /* KiezzerTests.m */; };
		A28032EE18183469004AB5C9 /* 1StarSmall.png in Resources */ = {isa = PBXBuildFile; fileRef = A28032E218183469004AB5C9 /* 1StarSmall.png */; };
		A28032EF18183469004AB5C9 /* 2StarsSmall.png in Resources */ = {isa = PBXBuildFile; fileRef = A28032E318183469004AB5C9 /* 2StarsSmall.png */; };
		A28032F018183469004AB5C9 /* 3StarsSmall.png in Resources */ = {isa = PBXBuildFile; fileRef = A28032E418183469004AB5C9 /* 3StarsSmall.png */; };
		A28032F118183469004AB5C9 /* 4StarsSmall.png in Resources */ = {isa = PBXBuildFile; fileRef = A28032E518183469004AB5C9 /* 4StarsSmall.png */; };
		A28032F218183469004AB5C9 /* 5StarsSmall.png in Resources */ = {isa = PBXBuildFile; fileRef = A28032E618183469004AB5C9 /* 5StarsSmall.png */; };
		A28032F318183469004AB5C9 /* Gestures.png in Resources */ = {isa = PBXBuildFile; fileRef = A28032E718183469004AB5C9 /* Gestures.png */; };
		A28032F418183469004AB5C9 /* Logo-l.png in Resources */ = {isa = PBXBuildFile; fileRef = A28032E818183469004AB5C9 /* Logo-l.png */; };
		A28032F518183469004AB5C9 /* Logo-m.png in Resources */ = {isa = PBXBuildFile; fileRef = A28032E918183469004AB5C9 /* Logo-m.png */; };
		A28032F618183469004AB5C9 /* Logo-s.png in Resources */ = {isa = PBXBuildFile; fileRef = A28032EA18183469004AB5C9 /* Logo-s.png */; };
		A28032F718183469004AB5C9 /* Players.png in Resources */ = {isa = PBXBuildFile; fileRef = A28032EB18183469004AB5C9 /* Players.png */; };
		A28032FA18183759004AB5C9 /* ClubTableViewController.m in Sources */ = {isa = PBXBuildFile; fileRef = A28032F918183759004AB5C9 /* ClubTableViewController.m */; };
		A28032FD181839C5004AB5C9 /* Club.m in Sources */ = {isa = PBXBuildFile; fileRef = A28032FC181839C5004AB5C9 /* Club.m */; };
		A29B14751818566D002684AC /* UsersViewController.m in Sources */ = {isa = PBXBuildFile; fileRef = A29B14741818566D002684AC /* UsersViewController.m */; };
		A2AB69AE1819184F004D14F0 /* background.png in Resources */ = {isa = PBXBuildFile; fileRef = A2AB69AB1819184F004D14F0 /* background.png */; };
		A2AB69AF1819184F004D14F0 /* clubButton.png in Resources */ = {isa = PBXBuildFile; fileRef = A2AB69AC1819184F004D14F0 /* clubButton.png */; };
		A2AB69B01819184F004D14F0 /* UserButton.png in Resources */ = {isa = PBXBuildFile; fileRef = A2AB69AD1819184F004D14F0 /* UserButton.png */; };
		A2B86BB41819A22600EA3D4C /* clubButton2.png in Resources */ = {isa = PBXBuildFile; fileRef = A2B86BB31819A22600EA3D4C /* clubButton2.png */; };
/* End PBXBuildFile section */

/* Begin PBXContainerItemProxy section */
		A28032CE18183426004AB5C9 /* PBXContainerItemProxy */ = {
			isa = PBXContainerItemProxy;
			containerPortal = A280329D18183426004AB5C9 /* Project object */;
			proxyType = 1;
			remoteGlobalIDString = A28032A418183426004AB5C9;
			remoteInfo = Kiezzer;
		};
/* End PBXContainerItemProxy section */

/* Begin PBXFileReference section */
		A21953241819CCB60021EF1E /* background2.png */ = {isa = PBXFileReference; lastKnownFileType = image.png; path = background2.png; sourceTree = "<group>"; };
		A21953261819D5870021EF1E /* background3.png */ = {isa = PBXFileReference; lastKnownFileType = image.png; path = background3.png; sourceTree = "<group>"; };
		A2195328181A796D0021EF1E /* ClubGeneralViewController.h */ = {isa = PBXFileReference; fileEncoding = 4; lastKnownFileType = sourcecode.c.h; path = ClubGeneralViewController.h; sourceTree = "<group>"; };
		A2195329181A796D0021EF1E /* ClubGeneralViewController.m */ = {isa = PBXFileReference; fileEncoding = 4; lastKnownFileType = sourcecode.c.objc; path = ClubGeneralViewController.m; sourceTree = "<group>"; };
		A245B70118183D7700FE6DE0 /* ClubCell.h */ = {isa = PBXFileReference; fileEncoding = 4; lastKnownFileType = sourcecode.c.h; path = ClubCell.h; sourceTree = "<group>"; };
		A245B70218183D7700FE6DE0 /* ClubCell.m */ = {isa = PBXFileReference; fileEncoding = 4; lastKnownFileType = sourcecode.c.objc; path = ClubCell.m; sourceTree = "<group>"; };
		A24C8128181A983900D61760 /* ClubCurrentViewController.h */ = {isa = PBXFileReference; fileEncoding = 4; lastKnownFileType = sourcecode.c.h; path = ClubCurrentViewController.h; sourceTree = "<group>"; };
		A24C8129181A983900D61760 /* ClubCurrentViewController.m */ = {isa = PBXFileReference; fileEncoding = 4; lastKnownFileType = sourcecode.c.objc; path = ClubCurrentViewController.m; sourceTree = "<group>"; };
		A266E930181C163700AAE238 /* SortByTableViewController.h */ = {isa = PBXFileReference; fileEncoding = 4; lastKnownFileType = sourcecode.c.h; path = SortByTableViewController.h; sourceTree = "<group>"; };
		A266E931181C163700AAE238 /* SortByTableViewController.m */ = {isa = PBXFileReference; fileEncoding = 4; lastKnownFileType = sourcecode.c.objc; path = SortByTableViewController.m; sourceTree = "<group>"; };
		A28032A518183426004AB5C9 /* Kiezzer.app */ = {isa = PBXFileReference; explicitFileType = wrapper.application; includeInIndex = 0; path = Kiezzer.app; sourceTree = BUILT_PRODUCTS_DIR; };
		A28032A818183426004AB5C9 /* Foundation.framework */ = {isa = PBXFileReference; lastKnownFileType = wrapper.framework; name = Foundation.framework; path = System/Library/Frameworks/Foundation.framework; sourceTree = SDKROOT; };
		A28032AA18183426004AB5C9 /* CoreGraphics.framework */ = {isa = PBXFileReference; lastKnownFileType = wrapper.framework; name = CoreGraphics.framework; path = System/Library/Frameworks/CoreGraphics.framework; sourceTree = SDKROOT; };
		A28032AC18183426004AB5C9 /* UIKit.framework */ = {isa = PBXFileReference; lastKnownFileType = wrapper.framework; name = UIKit.framework; path = System/Library/Frameworks/UIKit.framework; sourceTree = SDKROOT; };
		A28032B018183426004AB5C9 /* Kiezzer-Info.plist */ = {isa = PBXFileReference; lastKnownFileType = text.plist.xml; path = "Kiezzer-Info.plist"; sourceTree = "<group>"; };
		A28032B218183426004AB5C9 /* en */ = {isa = PBXFileReference; lastKnownFileType = text.plist.strings; name = en; path = en.lproj/InfoPlist.strings; sourceTree = "<group>"; };
		A28032B418183426004AB5C9 /* main.m */ = {isa = PBXFileReference; lastKnownFileType = sourcecode.c.objc; path = main.m; sourceTree = "<group>"; };
		A28032B618183426004AB5C9 /* Kiezzer-Prefix.pch */ = {isa = PBXFileReference; lastKnownFileType = sourcecode.c.h; path = "Kiezzer-Prefix.pch"; sourceTree = "<group>"; };
		A28032B718183426004AB5C9 /* AppDelegate.h */ = {isa = PBXFileReference; lastKnownFileType = sourcecode.c.h; path = AppDelegate.h; sourceTree = "<group>"; };
		A28032B818183426004AB5C9 /* AppDelegate.m */ = {isa = PBXFileReference; lastKnownFileType = sourcecode.c.objc; path = AppDelegate.m; sourceTree = "<group>"; };
		A28032BB18183426004AB5C9 /* Base */ = {isa = PBXFileReference; lastKnownFileType = file.storyboard; name = Base; path = Base.lproj/Main_iPhone.storyboard; sourceTree = "<group>"; };
		A28032BE18183426004AB5C9 /* Base */ = {isa = PBXFileReference; lastKnownFileType = file.storyboard; name = Base; path = Base.lproj/Main_iPad.storyboard; sourceTree = "<group>"; };
		A28032C018183426004AB5C9 /* ViewController.h */ = {isa = PBXFileReference; lastKnownFileType = sourcecode.c.h; path = ViewController.h; sourceTree = "<group>"; };
		A28032C118183426004AB5C9 /* ViewController.m */ = {isa = PBXFileReference; lastKnownFileType = sourcecode.c.objc; path = ViewController.m; sourceTree = "<group>"; };
		A28032C318183426004AB5C9 /* Images.xcassets */ = {isa = PBXFileReference; lastKnownFileType = folder.assetcatalog; path = Images.xcassets; sourceTree = "<group>"; };
		A28032C918183426004AB5C9 /* KiezzerTests.xctest */ = {isa = PBXFileReference; explicitFileType = wrapper.cfbundle; includeInIndex = 0; path = KiezzerTests.xctest; sourceTree = BUILT_PRODUCTS_DIR; };
		A28032CA18183426004AB5C9 /* XCTest.framework */ = {isa = PBXFileReference; lastKnownFileType = wrapper.framework; name = XCTest.framework; path = Library/Frameworks/XCTest.framework; sourceTree = DEVELOPER_DIR; };
		A28032D218183426004AB5C9 /* KiezzerTests-Info.plist */ = {isa = PBXFileReference; lastKnownFileType = text.plist.xml; path = "KiezzerTests-Info.plist"; sourceTree = "<group>"; };
		A28032D418183426004AB5C9 /* en */ = {isa = PBXFileReference; lastKnownFileType = text.plist.strings; name = en; path = en.lproj/InfoPlist.strings; sourceTree = "<group>"; };
		A28032D618183426004AB5C9 /* KiezzerTests.m */ = {isa = PBXFileReference; lastKnownFileType = sourcecode.c.objc; path = KiezzerTests.m; sourceTree = "<group>"; };
		A28032E218183469004AB5C9 /* 1StarSmall.png */ = {isa = PBXFileReference; lastKnownFileType = image.png; path = 1StarSmall.png; sourceTree = "<group>"; };
		A28032E318183469004AB5C9 /* 2StarsSmall.png */ = {isa = PBXFileReference; lastKnownFileType = image.png; path = 2StarsSmall.png; sourceTree = "<group>"; };
		A28032E418183469004AB5C9 /* 3StarsSmall.png */ = {isa = PBXFileReference; lastKnownFileType = image.png; path = 3StarsSmall.png; sourceTree = "<group>"; };
		A28032E518183469004AB5C9 /* 4StarsSmall.png */ = {isa = PBXFileReference; lastKnownFileType = image.png; path = 4StarsSmall.png; sourceTree = "<group>"; };
		A28032E618183469004AB5C9 /* 5StarsSmall.png */ = {isa = PBXFileReference; lastKnownFileType = image.png; path = 5StarsSmall.png; sourceTree = "<group>"; };
		A28032E718183469004AB5C9 /* Gestures.png */ = {isa = PBXFileReference; lastKnownFileType = image.png; path = Gestures.png; sourceTree = "<group>"; };
		A28032E818183469004AB5C9 /* Logo-l.png */ = {isa = PBXFileReference; lastKnownFileType = image.png; path = "Logo-l.png"; sourceTree = "<group>"; };
		A28032E918183469004AB5C9 /* Logo-m.png */ = {isa = PBXFileReference; lastKnownFileType = image.png; path = "Logo-m.png"; sourceTree = "<group>"; };
		A28032EA18183469004AB5C9 /* Logo-s.png */ = {isa = PBXFileReference; lastKnownFileType = image.png; path = "Logo-s.png"; sourceTree = "<group>"; };
		A28032EB18183469004AB5C9 /* Players.png */ = {isa = PBXFileReference; lastKnownFileType = image.png; path = Players.png; sourceTree = "<group>"; };
		A28032F818183759004AB5C9 /* ClubTableViewController.h */ = {isa = PBXFileReference; fileEncoding = 4; lastKnownFileType = sourcecode.c.h; path = ClubTableViewController.h; sourceTree = "<group>"; };
		A28032F918183759004AB5C9 /* ClubTableViewController.m */ = {isa = PBXFileReference; fileEncoding = 4; lastKnownFileType = sourcecode.c.objc; path = ClubTableViewController.m; sourceTree = "<group>"; };
		A28032FB181839C5004AB5C9 /* Club.h */ = {isa = PBXFileReference; fileEncoding = 4; lastKnownFileType = sourcecode.c.h; path = Club.h; sourceTree = "<group>"; };
		A28032FC181839C5004AB5C9 /* Club.m */ = {isa = PBXFileReference; fileEncoding = 4; lastKnownFileType = sourcecode.c.objc; path = Club.m; sourceTree = "<group>"; };
		A29B14731818566D002684AC /* UsersViewController.h */ = {isa = PBXFileReference; fileEncoding = 4; lastKnownFileType = sourcecode.c.h; path = UsersViewController.h; sourceTree = "<group>"; };
		A29B14741818566D002684AC /* UsersViewController.m */ = {isa = PBXFileReference; fileEncoding = 4; lastKnownFileType = sourcecode.c.objc; path = UsersViewController.m; sourceTree = "<group>"; };
		A2AB69AB1819184F004D14F0 /* background.png */ = {isa = PBXFileReference; lastKnownFileType = image.png; path = background.png; sourceTree = "<group>"; };
		A2AB69AC1819184F004D14F0 /* clubButton.png */ = {isa = PBXFileReference; lastKnownFileType = image.png; path = clubButton.png; sourceTree = "<group>"; };
		A2AB69AD1819184F004D14F0 /* UserButton.png */ = {isa = PBXFileReference; lastKnownFileType = image.png; path = UserButton.png; sourceTree = "<group>"; };
		A2B86BB31819A22600EA3D4C /* clubButton2.png */ = {isa = PBXFileReference; lastKnownFileType = image.png; path = clubButton2.png; sourceTree = "<group>"; };
/* End PBXFileReference section */

/* Begin PBXFrameworksBuildPhase section */
		A28032A218183426004AB5C9 /* Frameworks */ = {
			isa = PBXFrameworksBuildPhase;
			buildActionMask = 2147483647;
			files = (
				A28032AB18183426004AB5C9 /* CoreGraphics.framework in Frameworks */,
				A28032AD18183426004AB5C9 /* UIKit.framework in Frameworks */,
				A28032A918183426004AB5C9 /* Foundation.framework in Frameworks */,
			);
			runOnlyForDeploymentPostprocessing = 0;
		};
		A28032C618183426004AB5C9 /* Frameworks */ = {
			isa = PBXFrameworksBuildPhase;
			buildActionMask = 2147483647;
			files = (
				A28032CB18183426004AB5C9 /* XCTest.framework in Frameworks */,
				A28032CD18183426004AB5C9 /* UIKit.framework in Frameworks */,
				A28032CC18183426004AB5C9 /* Foundation.framework in Frameworks */,
			);
			runOnlyForDeploymentPostprocessing = 0;
		};
/* End PBXFrameworksBuildPhase section */

/* Begin PBXGroup section */
		A280329C18183426004AB5C9 = {
			isa = PBXGroup;
			children = (
				A28032AE18183426004AB5C9 /* Kiezzer */,
				A28032D018183426004AB5C9 /* KiezzerTests */,
				A28032A718183426004AB5C9 /* Frameworks */,
				A28032A618183426004AB5C9 /* Products */,
			);
			sourceTree = "<group>";
		};
		A28032A618183426004AB5C9 /* Products */ = {
			isa = PBXGroup;
			children = (
				A28032A518183426004AB5C9 /* Kiezzer.app */,
				A28032C918183426004AB5C9 /* KiezzerTests.xctest */,
			);
			name = Products;
			sourceTree = "<group>";
		};
		A28032A718183426004AB5C9 /* Frameworks */ = {
			isa = PBXGroup;
			children = (
				A28032A818183426004AB5C9 /* Foundation.framework */,
				A28032AA18183426004AB5C9 /* CoreGraphics.framework */,
				A28032AC18183426004AB5C9 /* UIKit.framework */,
				A28032CA18183426004AB5C9 /* XCTest.framework */,
			);
			name = Frameworks;
			sourceTree = "<group>";
		};
		A28032AE18183426004AB5C9 /* Kiezzer */ = {
			isa = PBXGroup;
			children = (
				A28032E018183469004AB5C9 /* Controllers */,
				A28032E118183469004AB5C9 /* Images */,
				A28032EC18183469004AB5C9 /* Model */,
				A28032ED18183469004AB5C9 /* Views */,
				A28032B718183426004AB5C9 /* AppDelegate.h */,
				A28032B818183426004AB5C9 /* AppDelegate.m */,
				A28032BA18183426004AB5C9 /* Main_iPhone.storyboard */,
				A28032BD18183426004AB5C9 /* Main_iPad.storyboard */,
				A28032C018183426004AB5C9 /* ViewController.h */,
				A28032C118183426004AB5C9 /* ViewController.m */,
				A28032C318183426004AB5C9 /* Images.xcassets */,
				A28032AF18183426004AB5C9 /* Supporting Files */,
			);
			path = Kiezzer;
			sourceTree = "<group>";
		};
		A28032AF18183426004AB5C9 /* Supporting Files */ = {
			isa = PBXGroup;
			children = (
				A28032B018183426004AB5C9 /* Kiezzer-Info.plist */,
				A28032B118183426004AB5C9 /* InfoPlist.strings */,
				A28032B418183426004AB5C9 /* main.m */,
				A28032B618183426004AB5C9 /* Kiezzer-Prefix.pch */,
			);
			name = "Supporting Files";
			sourceTree = "<group>";
		};
		A28032D018183426004AB5C9 /* KiezzerTests */ = {
			isa = PBXGroup;
			children = (
				A28032D618183426004AB5C9 /* KiezzerTests.m */,
				A28032D118183426004AB5C9 /* Supporting Files */,
			);
			path = KiezzerTests;
			sourceTree = "<group>";
		};
		A28032D118183426004AB5C9 /* Supporting Files */ = {
			isa = PBXGroup;
			children = (
				A28032D218183426004AB5C9 /* KiezzerTests-Info.plist */,
				A28032D318183426004AB5C9 /* InfoPlist.strings */,
			);
			name = "Supporting Files";
			sourceTree = "<group>";
		};
		A28032E018183469004AB5C9 /* Controllers */ = {
			isa = PBXGroup;
			children = (
				A28032F818183759004AB5C9 /* ClubTableViewController.h */,
				A28032F918183759004AB5C9 /* ClubTableViewController.m */,
				A29B14731818566D002684AC /* UsersViewController.h */,
				A29B14741818566D002684AC /* UsersViewController.m */,
				A2195328181A796D0021EF1E /* ClubGeneralViewController.h */,
				A2195329181A796D0021EF1E /* ClubGeneralViewController.m */,
				A24C8128181A983900D61760 /* ClubCurrentViewController.h */,
				A24C8129181A983900D61760 /* ClubCurrentViewController.m */,
				A266E930181C163700AAE238 /* SortByTableViewController.h */,
				A266E931181C163700AAE238 /* SortByTableViewController.m */,
			);
			path = Controllers;
			sourceTree = "<group>";
		};
		A28032E118183469004AB5C9 /* Images */ = {
			isa = PBXGroup;
			children = (
				A2AB69AA1819184F004D14F0 /* UserLogin */,
				A28032E218183469004AB5C9 /* 1StarSmall.png */,
				A28032E318183469004AB5C9 /* 2StarsSmall.png */,
				A28032E418183469004AB5C9 /* 3StarsSmall.png */,
				A28032E518183469004AB5C9 /* 4StarsSmall.png */,
				A28032E618183469004AB5C9 /* 5StarsSmall.png */,
				A28032E718183469004AB5C9 /* Gestures.png */,
				A28032E818183469004AB5C9 /* Logo-l.png */,
				A28032E918183469004AB5C9 /* Logo-m.png */,
				A28032EA18183469004AB5C9 /* Logo-s.png */,
				A28032EB18183469004AB5C9 /* Players.png */,
			);
			path = Images;
			sourceTree = "<group>";
		};
		A28032EC18183469004AB5C9 /* Model */ = {
			isa = PBXGroup;
			children = (
				A28032FB181839C5004AB5C9 /* Club.h */,
				A28032FC181839C5004AB5C9 /* Club.m */,
			);
			path = Model;
			sourceTree = "<group>";
		};
		A28032ED18183469004AB5C9 /* Views */ = {
			isa = PBXGroup;
			children = (
				A245B70118183D7700FE6DE0 /* ClubCell.h */,
				A245B70218183D7700FE6DE0 /* ClubCell.m */,
			);
			path = Views;
			sourceTree = "<group>";
		};
		A2AB69AA1819184F004D14F0 /* UserLogin */ = {
			isa = PBXGroup;
			children = (
				A21953261819D5870021EF1E /* background3.png */,
				A21953241819CCB60021EF1E /* background2.png */,
				A2B86BB31819A22600EA3D4C /* clubButton2.png */,
				A2AB69AB1819184F004D14F0 /* background.png */,
				A2AB69AC1819184F004D14F0 /* clubButton.png */,
				A2AB69AD1819184F004D14F0 /* UserButton.png */,
			);
			path = UserLogin;
			sourceTree = "<group>";
		};
/* End PBXGroup section */

/* Begin PBXNativeTarget section */
		A28032A418183426004AB5C9 /* Kiezzer */ = {
			isa = PBXNativeTarget;
			buildConfigurationList = A28032DA18183426004AB5C9 /* Build configuration list for PBXNativeTarget "Kiezzer" */;
			buildPhases = (
				A28032A118183426004AB5C9 /* Sources */,
				A28032A218183426004AB5C9 /* Frameworks */,
				A28032A318183426004AB5C9 /* Resources */,
			);
			buildRules = (
			);
			dependencies = (
			);
			name = Kiezzer;
			productName = Kiezzer;
			productReference = A28032A518183426004AB5C9 /* Kiezzer.app */;
			productType = "com.apple.product-type.application";
		};
		A28032C818183426004AB5C9 /* KiezzerTests */ = {
			isa = PBXNativeTarget;
			buildConfigurationList = A28032DD18183426004AB5C9 /* Build configuration list for PBXNativeTarget "KiezzerTests" */;
			buildPhases = (
				A28032C518183426004AB5C9 /* Sources */,
				A28032C618183426004AB5C9 /* Frameworks */,
				A28032C718183426004AB5C9 /* Resources */,
			);
			buildRules = (
			);
			dependencies = (
				A28032CF18183426004AB5C9 /* PBXTargetDependency */,
			);
			name = KiezzerTests;
			productName = KiezzerTests;
			productReference = A28032C918183426004AB5C9 /* KiezzerTests.xctest */;
			productType = "com.apple.product-type.bundle.unit-test";
		};
/* End PBXNativeTarget section */

/* Begin PBXProject section */
		A280329D18183426004AB5C9 /* Project object */ = {
			isa = PBXProject;
			attributes = {
				LastUpgradeCheck = 0500;
				ORGANIZATIONNAME = com.Kiezzer;
				TargetAttributes = {
					A28032C818183426004AB5C9 = {
						TestTargetID = A28032A418183426004AB5C9;
					};
				};
			};
			buildConfigurationList = A28032A018183426004AB5C9 /* Build configuration list for PBXProject "Kiezzer" */;
			compatibilityVersion = "Xcode 3.2";
			developmentRegion = English;
			hasScannedForEncodings = 0;
			knownRegions = (
				en,
				Base,
			);
			mainGroup = A280329C18183426004AB5C9;
			productRefGroup = A28032A618183426004AB5C9 /* Products */;
			projectDirPath = "";
			projectRoot = "";
			targets = (
				A28032A418183426004AB5C9 /* Kiezzer */,
				A28032C818183426004AB5C9 /* KiezzerTests */,
			);
		};
/* End PBXProject section */

/* Begin PBXResourcesBuildPhase section */
		A28032A318183426004AB5C9 /* Resources */ = {
			isa = PBXResourcesBuildPhase;
			buildActionMask = 2147483647;
			files = (
				A28032F018183469004AB5C9 /* 3StarsSmall.png in Resources */,
				A21953271819D5870021EF1E /* background3.png in Resources */,
				A2AB69AE1819184F004D14F0 /* background.png in Resources */,
				A28032BF18183426004AB5C9 /* Main_iPad.storyboard in Resources */,
				A21953251819CCB60021EF1E /* background2.png in Resources */,
				A2AB69AF1819184F004D14F0 /* clubButton.png in Resources */,
				A28032F218183469004AB5C9 /* 5StarsSmall.png in Resources */,
				A28032C418183426004AB5C9 /* Images.xcassets in Resources */,
				A28032F518183469004AB5C9 /* Logo-m.png in Resources */,
				A2AB69B01819184F004D14F0 /* UserButton.png in Resources */,
				A28032EF18183469004AB5C9 /* 2StarsSmall.png in Resources */,
				A28032F618183469004AB5C9 /* Logo-s.png in Resources */,
				A28032F118183469004AB5C9 /* 4StarsSmall.png in Resources */,
				A28032BC18183426004AB5C9 /* Main_iPhone.storyboard in Resources */,
				A28032B318183426004AB5C9 /* InfoPlist.strings in Resources */,
				A28032F718183469004AB5C9 /* Players.png in Resources */,
				A2B86BB41819A22600EA3D4C /* clubButton2.png in Resources */,
				A28032F418183469004AB5C9 /* Logo-l.png in Resources */,
				A28032EE18183469004AB5C9 /* 1StarSmall.png in Resources */,
				A28032F318183469004AB5C9 /* Gestures.png in Resources */,
			);
			runOnlyForDeploymentPostprocessing = 0;
		};
		A28032C718183426004AB5C9 /* Resources */ = {
			isa = PBXResourcesBuildPhase;
			buildActionMask = 2147483647;
			files = (
				A28032D518183426004AB5C9 /* InfoPlist.strings in Resources */,
			);
			runOnlyForDeploymentPostprocessing = 0;
		};
/* End PBXResourcesBuildPhase section */

/* Begin PBXSourcesBuildPhase section */
		A28032A118183426004AB5C9 /* Sources */ = {
			isa = PBXSourcesBuildPhase;
			buildActionMask = 2147483647;
			files = (
				A29B14751818566D002684AC /* UsersViewController.m in Sources */,
				A219532A181A796D0021EF1E /* ClubGeneralViewController.m in Sources */,
				A28032FD181839C5004AB5C9 /* Club.m in Sources */,
				A28032C218183426004AB5C9 /* ViewController.m in Sources */,
				A24C812A181A983900D61760 /* ClubCurrentViewController.m in Sources */,
				A28032FA18183759004AB5C9 /* ClubTableViewController.m in Sources */,
				A245B70318183D7700FE6DE0 /* ClubCell.m in Sources */,
				A28032B918183426004AB5C9 /* AppDelegate.m in Sources */,
				A266E932181C163700AAE238 /* SortByTableViewController.m in Sources */,
				A28032B518183426004AB5C9 /* main.m in Sources */,
			);
			runOnlyForDeploymentPostprocessing = 0;
		};
		A28032C518183426004AB5C9 /* Sources */ = {
			isa = PBXSourcesBuildPhase;
			buildActionMask = 2147483647;
			files = (
				A28032D718183426004AB5C9 /* KiezzerTests.m in Sources */,
			);
			runOnlyForDeploymentPostprocessing = 0;
		};
/* End PBXSourcesBuildPhase section */

/* Begin PBXTargetDependency section */
		A28032CF18183426004AB5C9 /* PBXTargetDependency */ = {
			isa = PBXTargetDependency;
			target = A28032A418183426004AB5C9 /* Kiezzer */;
			targetProxy = A28032CE18183426004AB5C9 /* PBXContainerItemProxy */;
		};
/* End PBXTargetDependency section */

/* Begin PBXVariantGroup section */
		A28032B118183426004AB5C9 /* InfoPlist.strings */ = {
			isa = PBXVariantGroup;
			children = (
				A28032B218183426004AB5C9 /* en */,
			);
			name = InfoPlist.strings;
			sourceTree = "<group>";
		};
		A28032BA18183426004AB5C9 /* Main_iPhone.storyboard */ = {
			isa = PBXVariantGroup;
			children = (
				A28032BB18183426004AB5C9 /* Base */,
			);
			name = Main_iPhone.storyboard;
			sourceTree = "<group>";
		};
		A28032BD18183426004AB5C9 /* Main_iPad.storyboard */ = {
			isa = PBXVariantGroup;
			children = (
				A28032BE18183426004AB5C9 /* Base */,
			);
			name = Main_iPad.storyboard;
			sourceTree = "<group>";
		};
		A28032D318183426004AB5C9 /* InfoPlist.strings */ = {
			isa = PBXVariantGroup;
			children = (
				A28032D418183426004AB5C9 /* en */,
			);
			name = InfoPlist.strings;
			sourceTree = "<group>";
		};
/* End PBXVariantGroup section */

/* Begin XCBuildConfiguration section */
		A28032D818183426004AB5C9 /* Debug */ = {
			isa = XCBuildConfiguration;
			buildSettings = {
				ALWAYS_SEARCH_USER_PATHS = NO;
				ARCHS = "$(ARCHS_STANDARD_INCLUDING_64_BIT)";
				CLANG_CXX_LANGUAGE_STANDARD = "gnu++0x";
				CLANG_CXX_LIBRARY = "libc++";
				CLANG_ENABLE_MODULES = YES;
				CLANG_ENABLE_OBJC_ARC = YES;
				CLANG_WARN_BOOL_CONVERSION = YES;
				CLANG_WARN_CONSTANT_CONVERSION = YES;
				CLANG_WARN_DIRECT_OBJC_ISA_USAGE = YES_ERROR;
				CLANG_WARN_EMPTY_BODY = YES;
				CLANG_WARN_ENUM_CONVERSION = YES;
				CLANG_WARN_INT_CONVERSION = YES;
				CLANG_WARN_OBJC_ROOT_CLASS = YES_ERROR;
				CLANG_WARN__DUPLICATE_METHOD_MATCH = YES;
				"CODE_SIGN_IDENTITY[sdk=iphoneos*]" = "iPhone Developer";
				COPY_PHASE_STRIP = NO;
				GCC_C_LANGUAGE_STANDARD = gnu99;
				GCC_DYNAMIC_NO_PIC = NO;
				GCC_OPTIMIZATION_LEVEL = 0;
				GCC_PREPROCESSOR_DEFINITIONS = (
					"DEBUG=1",
					"$(inherited)",
				);
				GCC_SYMBOLS_PRIVATE_EXTERN = NO;
				GCC_WARN_64_TO_32_BIT_CONVERSION = YES;
				GCC_WARN_ABOUT_RETURN_TYPE = YES_ERROR;
				GCC_WARN_UNDECLARED_SELECTOR = YES;
				GCC_WARN_UNINITIALIZED_AUTOS = YES;
				GCC_WARN_UNUSED_FUNCTION = YES;
				GCC_WARN_UNUSED_VARIABLE = YES;
				IPHONEOS_DEPLOYMENT_TARGET = 7.0;
				ONLY_ACTIVE_ARCH = YES;
				SDKROOT = iphoneos;
				TARGETED_DEVICE_FAMILY = "1,2";
			};
			name = Debug;
		};
		A28032D918183426004AB5C9 /* Release */ = {
			isa = XCBuildConfiguration;
			buildSettings = {
				ALWAYS_SEARCH_USER_PATHS = NO;
				ARCHS = "$(ARCHS_STANDARD_INCLUDING_64_BIT)";
				CLANG_CXX_LANGUAGE_STANDARD = "gnu++0x";
				CLANG_CXX_LIBRARY = "libc++";
				CLANG_ENABLE_MODULES = YES;
				CLANG_ENABLE_OBJC_ARC = YES;
				CLANG_WARN_BOOL_CONVERSION = YES;
				CLANG_WARN_CONSTANT_CONVERSION = YES;
				CLANG_WARN_DIRECT_OBJC_ISA_USAGE = YES_ERROR;
				CLANG_WARN_EMPTY_BODY = YES;
				CLANG_WARN_ENUM_CONVERSION = YES;
				CLANG_WARN_INT_CONVERSION = YES;
				CLANG_WARN_OBJC_ROOT_CLASS = YES_ERROR;
				CLANG_WARN__DUPLICATE_METHOD_MATCH = YES;
				"CODE_SIGN_IDENTITY[sdk=iphoneos*]" = "iPhone Developer";
				COPY_PHASE_STRIP = YES;
				ENABLE_NS_ASSERTIONS = NO;
				GCC_C_LANGUAGE_STANDARD = gnu99;
				GCC_WARN_64_TO_32_BIT_CONVERSION = YES;
				GCC_WARN_ABOUT_RETURN_TYPE = YES_ERROR;
				GCC_WARN_UNDECLARED_SELECTOR = YES;
				GCC_WARN_UNINITIALIZED_AUTOS = YES;
				GCC_WARN_UNUSED_FUNCTION = YES;
				GCC_WARN_UNUSED_VARIABLE = YES;
				IPHONEOS_DEPLOYMENT_TARGET = 7.0;
				SDKROOT = iphoneos;
				TARGETED_DEVICE_FAMILY = "1,2";
				VALIDATE_PRODUCT = YES;
			};
			name = Release;
		};
		A28032DB18183426004AB5C9 /* Debug */ = {
			isa = XCBuildConfiguration;
			buildSettings = {
				ASSETCATALOG_COMPILER_APPICON_NAME = AppIcon;
				ASSETCATALOG_COMPILER_LAUNCHIMAGE_NAME = LaunchImage;
				GCC_PRECOMPILE_PREFIX_HEADER = YES;
				GCC_PREFIX_HEADER = "Kiezzer/Kiezzer-Prefix.pch";
				INFOPLIST_FILE = "Kiezzer/Kiezzer-Info.plist";
				PRODUCT_NAME = "$(TARGET_NAME)";
				WRAPPER_EXTENSION = app;
			};
			name = Debug;
		};
		A28032DC18183426004AB5C9 /* Release */ = {
			isa = XCBuildConfiguration;
			buildSettings = {
				ASSETCATALOG_COMPILER_APPICON_NAME = AppIcon;
				ASSETCATALOG_COMPILER_LAUNCHIMAGE_NAME = LaunchImage;
				GCC_PRECOMPILE_PREFIX_HEADER = YES;
				GCC_PREFIX_HEADER = "Kiezzer/Kiezzer-Prefix.pch";
				INFOPLIST_FILE = "Kiezzer/Kiezzer-Info.plist";
				PRODUCT_NAME = "$(TARGET_NAME)";
				WRAPPER_EXTENSION = app;
			};
			name = Release;
		};
		A28032DE18183426004AB5C9 /* Debug */ = {
			isa = XCBuildConfiguration;
			buildSettings = {
				ARCHS = "$(ARCHS_STANDARD_INCLUDING_64_BIT)";
				BUNDLE_LOADER = "$(BUILT_PRODUCTS_DIR)/Kiezzer.app/Kiezzer";
				FRAMEWORK_SEARCH_PATHS = (
					"$(SDKROOT)/Developer/Library/Frameworks",
					"$(inherited)",
					"$(DEVELOPER_FRAMEWORKS_DIR)",
				);
				GCC_PRECOMPILE_PREFIX_HEADER = YES;
				GCC_PREFIX_HEADER = "Kiezzer/Kiezzer-Prefix.pch";
				GCC_PREPROCESSOR_DEFINITIONS = (
					"DEBUG=1",
					"$(inherited)",
				);
				INFOPLIST_FILE = "KiezzerTests/KiezzerTests-Info.plist";
				PRODUCT_NAME = "$(TARGET_NAME)";
				TEST_HOST = "$(BUNDLE_LOADER)";
				WRAPPER_EXTENSION = xctest;
			};
			name = Debug;
		};
		A28032DF18183426004AB5C9 /* Release */ = {
			isa = XCBuildConfiguration;
			buildSettings = {
				ARCHS = "$(ARCHS_STANDARD_INCLUDING_64_BIT)";
				BUNDLE_LOADER = "$(BUILT_PRODUCTS_DIR)/Kiezzer.app/Kiezzer";
				FRAMEWORK_SEARCH_PATHS = (
					"$(SDKROOT)/Developer/Library/Frameworks",
					"$(inherited)",
					"$(DEVELOPER_FRAMEWORKS_DIR)",
				);
				GCC_PRECOMPILE_PREFIX_HEADER = YES;
				GCC_PREFIX_HEADER = "Kiezzer/Kiezzer-Prefix.pch";
				INFOPLIST_FILE = "KiezzerTests/KiezzerTests-Info.plist";
				PRODUCT_NAME = "$(TARGET_NAME)";
				TEST_HOST = "$(BUNDLE_LOADER)";
				WRAPPER_EXTENSION = xctest;
			};
			name = Release;
		};
/* End XCBuildConfiguration section */

/* Begin XCConfigurationList section */
		A28032A018183426004AB5C9 /* Build configuration list for PBXProject "Kiezzer" */ = {
			isa = XCConfigurationList;
			buildConfigurations = (
				A28032D818183426004AB5C9 /* Debug */,
				A28032D918183426004AB5C9 /* Release */,
			);
			defaultConfigurationIsVisible = 0;
			defaultConfigurationName = Release;
		};
		A28032DA18183426004AB5C9 /* Build configuration list for PBXNativeTarget "Kiezzer" */ = {
			isa = XCConfigurationList;
			buildConfigurations = (
				A28032DB18183426004AB5C9 /* Debug */,
				A28032DC18183426004AB5C9 /* Release */,
			);
			defaultConfigurationIsVisible = 0;
			defaultConfigurationName = Release;
		};
		A28032DD18183426004AB5C9 /* Build configuration list for PBXNativeTarget "KiezzerTests" */ = {
			isa = XCConfigurationList;
			buildConfigurations = (
				A28032DE18183426004AB5C9 /* Debug */,
				A28032DF18183426004AB5C9 /* Release */,
			);
			defaultConfigurationIsVisible = 0;
			defaultConfigurationName = Release;
		};
/* End XCConfigurationList section */
	};
	rootObject = A280329D18183426004AB5C9 /* Project object */;
}
